
Microsoft Visual Studio Solution File, Format Version 12.00
# Visual Studio 15
VisualStudioVersion = 15.0.27130.2010
MinimumVisualStudioVersion = 10.0.40219.1
Project("{FAE04EC0-301F-11D3-BF4B-00C04F79EFBC}") = "Bitmapa", "Bitmapa.csproj", "{19AF11EA-FEB5-47B4-A706-1B53F485BF6F}"
EndProject
Project("{FAE04EC0-301F-11D3-BF4B-00C04F79EFBC}") = "Tablica_bajtów_do_pliku", "..\Tablica_bajtów_do_pliku\Tablica_bajtów_do_pliku.csproj", "{D1613AA7-4BF9-4835-B1A4-71434405B81D}"
EndProject
Global
	GlobalSection(SolutionConfigurationPlatforms) = preSolution
		Debug|Any CPU = Debug|Any CPU
		Release|Any CPU = Release|Any CPU
	EndGlobalSection
	GlobalSection(ProjectConfigurationPlatforms) = postSolution
		{19AF11EA-FEB5-47B4-A706-1B53F485BF6F}.Debug|Any CPU.ActiveCfg = Debug|Any CPU
		{19AF11EA-FEB5-47B4-A706-1B53F485BF6F}.Debug|Any CPU.Build.0 = Debug|Any CPU
		{19AF11EA-FEB5-47B4-A706-1B53F485BF6F}.Release|Any CPU.ActiveCfg = Release|Any CPU
		{19AF11EA-FEB5-47B4-A706-1B53F485BF6F}.Release|Any CPU.Build.0 = Release|Any CPU
		{D1613AA7-4BF9-4835-B1A4-71434405B81D}.Debug|Any CPU.ActiveCfg = Debug|Any CPU
		{D1613AA7-4BF9-4835-B1A4-71434405B81D}.Debug|Any CPU.Build.0 = Debug|Any CPU
		{D1613AA7-4BF9-4835-B1A4-71434405B81D}.Release|Any CPU.ActiveCfg = Release|Any CPU
		{D1613AA7-4BF9-4835-B1A4-71434405B81D}.Release|Any CPU.Build.0 = Release|Any CPU
	EndGlobalSection
	GlobalSection(SolutionProperties) = preSolution
		HideSolutionNode = FALSE
	EndGlobalSection
	GlobalSection(ExtensibilityGlobals) = postSolution
		SolutionGuid = {62C1F4F2-E910-4D04-BDEE-863228D50BEC}
	EndGlobalSection
EndGlobal
