
Microsoft Visual Studio Solution File, Format Version 12.00
# Visual Studio 15
VisualStudioVersion = 15.0.27130.2010
MinimumVisualStudioVersion = 10.0.40219.1
Project("{FAE04EC0-301F-11D3-BF4B-00C04F79EFBC}") = "Bitmapy", "Bitmapy.csproj", "{5F890426-B05E-4F68-957D-4F50DC211311}"
EndProject
Global
	GlobalSection(SolutionConfigurationPlatforms) = preSolution
		Debug|Any CPU = Debug|Any CPU
		Release|Any CPU = Release|Any CPU
	EndGlobalSection
	GlobalSection(ProjectConfigurationPlatforms) = postSolution
		{5F890426-B05E-4F68-957D-4F50DC211311}.Debug|Any CPU.ActiveCfg = Debug|Any CPU
		{5F890426-B05E-4F68-957D-4F50DC211311}.Debug|Any CPU.Build.0 = Debug|Any CPU
		{5F890426-B05E-4F68-957D-4F50DC211311}.Release|Any CPU.ActiveCfg = Release|Any CPU
		{5F890426-B05E-4F68-957D-4F50DC211311}.Release|Any CPU.Build.0 = Release|Any CPU
	EndGlobalSection
	GlobalSection(SolutionProperties) = preSolution
		HideSolutionNode = FALSE
	EndGlobalSection
	GlobalSection(ExtensibilityGlobals) = postSolution
		SolutionGuid = {CC3B05DA-7CA3-4CCA-B0C4-B7CB61B078D7}
	EndGlobalSection
EndGlobal
